
Microsoft Visual Studio Solution File, Format Version 12.00
# Visual Studio 2012
Project("{FAE04EC0-301F-11D3-BF4B-00C04F79EFBC}") = "TTLuceneDbStore", "TTLuceneDbStore\TTLuceneDbStore.csproj", "{B9AE13B9-11CD-486A-A8AA-9B00644E771D}"
EndProject
Project("{FAE04EC0-301F-11D3-BF4B-00C04F79EFBC}") = "TestLuceneDbStore", "TestLuceneDbStore\TestLuceneDbStore.csproj", "{5DC6F7DF-29C4-47C2-B0B2-4F42E904A8B7}"
EndProject
Global
	GlobalSection(SolutionConfigurationPlatforms) = preSolution
		Debug|Any CPU = Debug|Any CPU
		Debug|x86 = Debug|x86
		Release|Any CPU = Release|Any CPU
		Release|x86 = Release|x86
	EndGlobalSection
	GlobalSection(ProjectConfigurationPlatforms) = postSolution
		{B9AE13B9-11CD-486A-A8AA-9B00644E771D}.Debug|Any CPU.ActiveCfg = Debug|Any CPU
		{B9AE13B9-11CD-486A-A8AA-9B00644E771D}.Debug|Any CPU.Build.0 = Debug|Any CPU
		{B9AE13B9-11CD-486A-A8AA-9B00644E771D}.Debug|x86.ActiveCfg = Debug|Any CPU
		{B9AE13B9-11CD-486A-A8AA-9B00644E771D}.Debug|x86.Build.0 = Debug|Any CPU
		{B9AE13B9-11CD-486A-A8AA-9B00644E771D}.Release|Any CPU.ActiveCfg = Release|Any CPU
		{B9AE13B9-11CD-486A-A8AA-9B00644E771D}.Release|Any CPU.Build.0 = Release|Any CPU
		{B9AE13B9-11CD-486A-A8AA-9B00644E771D}.Release|x86.ActiveCfg = Release|Any CPU
		{B9AE13B9-11CD-486A-A8AA-9B00644E771D}.Release|x86.Build.0 = Release|Any CPU
		{5DC6F7DF-29C4-47C2-B0B2-4F42E904A8B7}.Debug|Any CPU.ActiveCfg = Debug|Any CPU
		{5DC6F7DF-29C4-47C2-B0B2-4F42E904A8B7}.Debug|Any CPU.Build.0 = Debug|Any CPU
		{5DC6F7DF-29C4-47C2-B0B2-4F42E904A8B7}.Debug|x86.ActiveCfg = Debug|Any CPU
		{5DC6F7DF-29C4-47C2-B0B2-4F42E904A8B7}.Debug|x86.Build.0 = Debug|Any CPU
		{5DC6F7DF-29C4-47C2-B0B2-4F42E904A8B7}.Release|Any CPU.ActiveCfg = Release|Any CPU
		{5DC6F7DF-29C4-47C2-B0B2-4F42E904A8B7}.Release|Any CPU.Build.0 = Release|Any CPU
		{5DC6F7DF-29C4-47C2-B0B2-4F42E904A8B7}.Release|x86.ActiveCfg = Release|Any CPU
		{5DC6F7DF-29C4-47C2-B0B2-4F42E904A8B7}.Release|x86.Build.0 = Release|Any CPU
	EndGlobalSection
	GlobalSection(SolutionProperties) = preSolution
		HideSolutionNode = FALSE
	EndGlobalSection
EndGlobal
